<?xml version="1.0" encoding="utf-8"?>
<Project ToolsVersion="4.0" xmlns="http://schemas.microsoft.com/developer/msbuild/2003">
  <ItemGroup>
    <Filter Include="Source Files">
      <UniqueIdentifier>{4FC737F1-C7A5-4376-A066-2A32D752A2FF}</UniqueIdentifier>
      <Extensions>cpp;c;cc;cxx;c++;cppm;ixx;def;odl;idl;hpj;bat;asm;asmx</Extensions>
    </Filter>
    <Filter Include="Header Files">
      <UniqueIdentifier>{93995380-89BD-4b04-88EB-625FBE52EBFB}</UniqueIdentifier>
      <Extensions>h;hh;hpp;hxx;h++;hm;inl;inc;ipp;xsd</Extensions>
    </Filter>
    <Filter Include="Resource Files">
      <UniqueIdentifier>{67DA6AB6-F800-4c08-8B7A-83BB121AAD01}</UniqueIdentifier>
      <Extensions>rc;ico;cur;bmp;dlg;rc2;rct;bin;rgs;gif;jpg;jpeg;jpe;resx;tiff;tif;png;wav;mfcribbon-ms</Extensions>
    </Filter>
    <Filter Include="Source Files\dependencies">
      <UniqueIdentifier>{b41271aa-3e0a-4dd7-ac64-d0641069d47a}</UniqueIdentifier>
    </Filter>
  </ItemGroup>
  <ItemGroup>
    <ClCompile Include="main.cpp">
      <Filter>Source Files</Filter>
    </ClCompile>
    <ClCompile Include="Utils.cpp">
      <Filter>Source Files</Filter>
    </ClCompile>
    <ClCompile Include="HUD.cpp">
      <Filter>Source Files</Filter>
    </ClCompile>
    <ClCompile Include="GameManager.cpp">
      <Filter>Source Files</Filter>
    </ClCompile>
    <ClCompile Include="Player.cpp">
      <Filter>Source Files</Filter>
    </ClCompile>
    <ClCompile Include="stb_vorbis.c">
      <Filter>Source Files</Filter>
    </ClCompile>
  </ItemGroup>
  <ItemGroup>
    <CopyFileToFolders Include="..\..\..\..\..\SDL\lib\x64\SDL3.dll">
      <Filter>Source Files\dependencies</Filter>
    </CopyFileToFolders>
    <CopyFileToFolders Include="..\..\..\..\..\SDL3_image\VisualC\x64\Debug\SDL3_image.dll">
      <Filter>Source Files\dependencies</Filter>
    </CopyFileToFolders>
    <CopyFileToFolders Include="..\..\..\..\..\SDL3_ttf\lib\x64\SDL3_ttf.dll">
      <Filter>Source Files\dependencies</Filter>
    </CopyFileToFolders>
  </ItemGroup>
  <ItemGroup>
    <Library Include="..\..\..\..\..\SDL\lib\x64\SDL3.lib">
      <Filter>Source Files\dependencies</Filter>
    </Library>
    <Library Include="..\..\..\..\..\SDL3_image\VisualC\x64\Debug\SDL3_image.lib">
      <Filter>Source Files\dependencies</Filter>
    </Library>
    <Library Include="..\..\..\..\..\SDL3_ttf\lib\x64\SDL3_ttf.lib">
      <Filter>Source Files\dependencies</Filter>
    </Library>
  </ItemGroup>
  <ItemGroup>
    <Image Include="res\bg.png">
      <Filter>Resource Files</Filter>
    </Image>
    <Image Include="res\progressbar_bg.png">
      <Filter>Resource Files</Filter>
    </Image>
    <Image Include="res\progressbar_fg.png">
      <Filter>Resource Files</Filter>
    </Image>
    <Image Include="res\player.png">
      <Filter>Resource Files</Filter>
    </Image>
  </ItemGroup>
  <ItemGroup>
    <ClInclude Include="Utils.hpp">
      <Filter>Header Files</Filter>
    </ClInclude>
    <ClInclude Include="HUD.hpp">
      <Filter>Header Files</Filter>
    </ClInclude>
    <ClInclude Include="GameManager.hpp">
      <Filter>Header Files</Filter>
    </ClInclude>
    <ClInclude Include="Player.hpp">
      <Filter>Header Files</Filter>
    </ClInclude>
    <ClInclude Include="miniaudio.h">
      <Filter>Header Files</Filter>
    </ClInclude>
    <ClInclude Include="stb_vorbis.h">
      <Filter>Header Files</Filter>
    </ClInclude>
    <ClInclude Include="AudioHandler.hpp">
      <Filter>Header Files</Filter>
    </ClInclude>
  </ItemGroup>
  <ItemGroup>
    <Font Include="res\UniversCondensed.ttf">
      <Filter>Resource Files</Filter>
    </Font>
  </ItemGroup>
  <ItemGroup>
    <Text Include="fish_list.txt" />
  </ItemGroup>
  <ItemGroup>
    <None Include="res\Example.ogg">
      <Filter>Resource Files</Filter>
    </None>
  </ItemGroup>
</Project>